
Microsoft Visual Studio Solution File, Format Version 12.00
# Visual Studio Version 16
VisualStudioVersion = 16.0.29911.84
MinimumVisualStudioVersion = 10.0.40219.1
Project("{FAE04EC0-301F-11D3-BF4B-00C04F79EFBC}") = "TodoApi", "TodoApi\TodoApi.csproj", "{2839DC42-FFA8-45ED-92C4-5C2FA2D61426}"
EndProject
Global
	GlobalSection(SolutionConfigurationPlatforms) = preSolution
		Debug|Any CPU = Debug|Any CPU
		Release|Any CPU = Release|Any CPU
	EndGlobalSection
	GlobalSection(ProjectConfigurationPlatforms) = postSolution
		{2839DC42-FFA8-45ED-92C4-5C2FA2D61426}.Debug|Any CPU.ActiveCfg = Debug|Any CPU
		{2839DC42-FFA8-45ED-92C4-5C2FA2D61426}.Debug|Any CPU.Build.0 = Debug|Any CPU
		{2839DC42-FFA8-45ED-92C4-5C2FA2D61426}.Release|Any CPU.ActiveCfg = Release|Any CPU
		{2839DC42-FFA8-45ED-92C4-5C2FA2D61426}.Release|Any CPU.Build.0 = Release|Any CPU
	EndGlobalSection
	GlobalSection(SolutionProperties) = preSolution
		HideSolutionNode = FALSE
	EndGlobalSection
	GlobalSection(ExtensibilityGlobals) = postSolution
		SolutionGuid = {6EC3CF9E-6B50-4686-BFDF-3F9C7E0AB146}
	EndGlobalSection
EndGlobal
